
Microsoft Visual Studio Solution File, Format Version 12.00
# Visual Studio Version 16
VisualStudioVersion = 16.0.31911.196
MinimumVisualStudioVersion = 10.0.40219.1
Project("{FAE04EC0-301F-11D3-BF4B-00C04F79EFBC}") = "palindrome", "palindrome\palindrome.csproj", "{D3C922B4-596D-4200-9B7E-F9C845070011}"
EndProject
Global
	GlobalSection(SolutionConfigurationPlatforms) = preSolution
		Debug|Any CPU = Debug|Any CPU
		Release|Any CPU = Release|Any CPU
	EndGlobalSection
	GlobalSection(ProjectConfigurationPlatforms) = postSolution
		{D3C922B4-596D-4200-9B7E-F9C845070011}.Debug|Any CPU.ActiveCfg = Debug|Any CPU
		{D3C922B4-596D-4200-9B7E-F9C845070011}.Debug|Any CPU.Build.0 = Debug|Any CPU
		{D3C922B4-596D-4200-9B7E-F9C845070011}.Release|Any CPU.ActiveCfg = Release|Any CPU
		{D3C922B4-596D-4200-9B7E-F9C845070011}.Release|Any CPU.Build.0 = Release|Any CPU
	EndGlobalSection
	GlobalSection(SolutionProperties) = preSolution
		HideSolutionNode = FALSE
	EndGlobalSection
	GlobalSection(ExtensibilityGlobals) = postSolution
		SolutionGuid = {992ED355-DDBC-47B5-AFE3-F7A886860675}
	EndGlobalSection
EndGlobal
